Microsoft Visual Studio Solution File, Format Version 12.00
# Visual Studio 2012
Project("{FAE04EC0-301F-11D3-BF4B-00C04F79EFBC}") = "Panorama Platformer", "Panorama Platformer.csproj", "{CAA06F28-827D-4E54-B30A-5F287E8B38E8}"
EndProject
Global
	GlobalSection(SolutionConfigurationPlatforms) = preSolution
	Debug|Any CPU = Debug|Any CPU
	ExportDebug|Any CPU = ExportDebug|Any CPU
	ExportRelease|Any CPU = ExportRelease|Any CPU
	EndGlobalSection
	GlobalSection(ProjectConfigurationPlatforms) = postSolution
		{CAA06F28-827D-4E54-B30A-5F287E8B38E8}.Debug|Any CPU.ActiveCfg = Debug|Any CPU
		{CAA06F28-827D-4E54-B30A-5F287E8B38E8}.Debug|Any CPU.Build.0 = Debug|Any CPU
		{CAA06F28-827D-4E54-B30A-5F287E8B38E8}.ExportDebug|Any CPU.ActiveCfg = ExportDebug|Any CPU
		{CAA06F28-827D-4E54-B30A-5F287E8B38E8}.ExportDebug|Any CPU.Build.0 = ExportDebug|Any CPU
		{CAA06F28-827D-4E54-B30A-5F287E8B38E8}.ExportRelease|Any CPU.ActiveCfg = ExportRelease|Any CPU
		{CAA06F28-827D-4E54-B30A-5F287E8B38E8}.ExportRelease|Any CPU.Build.0 = ExportRelease|Any CPU
	EndGlobalSection
EndGlobal
